
Microsoft Visual Studio Solution File, Format Version 12.00
# Visual Studio Version 17
VisualStudioVersion = 17.8.34511.84
MinimumVisualStudioVersion = 10.0.40219.1
Project("{FAE04EC0-301F-11D3-BF4B-00C04F79EFBC}") = "Prueba0217", "Prueba0217\Prueba0217.csproj", "{98CEF3ED-855F-47E8-B6B2-17B9D6E8380D}"
EndProject
Global
	GlobalSection(SolutionConfigurationPlatforms) = preSolution
		Debug|Any CPU = Debug|Any CPU
		Release|Any CPU = Release|Any CPU
	EndGlobalSection
	GlobalSection(ProjectConfigurationPlatforms) = postSolution
		{98CEF3ED-855F-47E8-B6B2-17B9D6E8380D}.Debug|Any CPU.ActiveCfg = Debug|Any CPU
		{98CEF3ED-855F-47E8-B6B2-17B9D6E8380D}.Debug|Any CPU.Build.0 = Debug|Any CPU
		{98CEF3ED-855F-47E8-B6B2-17B9D6E8380D}.Release|Any CPU.ActiveCfg = Release|Any CPU
		{98CEF3ED-855F-47E8-B6B2-17B9D6E8380D}.Release|Any CPU.Build.0 = Release|Any CPU
	EndGlobalSection
	GlobalSection(SolutionProperties) = preSolution
		HideSolutionNode = FALSE
	EndGlobalSection
	GlobalSection(ExtensibilityGlobals) = postSolution
		SolutionGuid = {BAAF1224-CB0E-4783-A097-E1134DD49A0D}
	EndGlobalSection
EndGlobal
